
Microsoft Visual Studio Solution File, Format Version 12.00
# Visual Studio 14
VisualStudioVersion = 14.0.24720.0
MinimumVisualStudioVersion = 10.0.40219.1
Project("{FAE04EC0-301F-11D3-BF4B-00C04F79EFBC}") = "TcpFileServer", "TcpFileServer\TcpFileServer.csproj", "{1E95156F-B333-4CB3-B08F-81ABB5DB3E9A}"
EndProject
Project("{FAE04EC0-301F-11D3-BF4B-00C04F79EFBC}") = "TcpFileServer.Tests", "TcpFileServer.Tests\TcpFileServer.Tests.csproj", "{612FE7C9-A213-457A-8308-C3FA9F7FE45A}"
EndProject
Global
	GlobalSection(SolutionConfigurationPlatforms) = preSolution
		Debug|Any CPU = Debug|Any CPU
		Release|Any CPU = Release|Any CPU
	EndGlobalSection
	GlobalSection(ProjectConfigurationPlatforms) = postSolution
		{1E95156F-B333-4CB3-B08F-81ABB5DB3E9A}.Debug|Any CPU.ActiveCfg = Debug|Any CPU
		{1E95156F-B333-4CB3-B08F-81ABB5DB3E9A}.Debug|Any CPU.Build.0 = Debug|Any CPU
		{1E95156F-B333-4CB3-B08F-81ABB5DB3E9A}.Release|Any CPU.ActiveCfg = Release|Any CPU
		{1E95156F-B333-4CB3-B08F-81ABB5DB3E9A}.Release|Any CPU.Build.0 = Release|Any CPU
		{612FE7C9-A213-457A-8308-C3FA9F7FE45A}.Debug|Any CPU.ActiveCfg = Debug|Any CPU
		{612FE7C9-A213-457A-8308-C3FA9F7FE45A}.Debug|Any CPU.Build.0 = Debug|Any CPU
		{612FE7C9-A213-457A-8308-C3FA9F7FE45A}.Release|Any CPU.ActiveCfg = Release|Any CPU
		{612FE7C9-A213-457A-8308-C3FA9F7FE45A}.Release|Any CPU.Build.0 = Release|Any CPU
	EndGlobalSection
	GlobalSection(SolutionProperties) = preSolution
		HideSolutionNode = FALSE
	EndGlobalSection
EndGlobal
